
Microsoft Visual Studio Solution File, Format Version 12.00
# Visual Studio Version 17
VisualStudioVersion = 17.13.35825.156 d17.13
MinimumVisualStudioVersion = 10.0.40219.1
Project("{FAE04EC0-301F-11D3-BF4B-00C04F79EFBC}") = "Messaging", ".\Messaging\Messaging.csproj", "{2F970A3D-EFD6-6F9F-9D3F-BBF1A4AB957C}"
EndProject
Global
	GlobalSection(SolutionConfigurationPlatforms) = preSolution
		Debug|Any CPU = Debug|Any CPU
		Release|Any CPU = Release|Any CPU
	EndGlobalSection
	GlobalSection(ProjectConfigurationPlatforms) = postSolution
		{2F970A3D-EFD6-6F9F-9D3F-BBF1A4AB957C}.Debug|Any CPU.ActiveCfg = Debug|Any CPU
		{2F970A3D-EFD6-6F9F-9D3F-BBF1A4AB957C}.Debug|Any CPU.Build.0 = Debug|Any CPU
		{2F970A3D-EFD6-6F9F-9D3F-BBF1A4AB957C}.Release|Any CPU.ActiveCfg = Release|Any CPU
		{2F970A3D-EFD6-6F9F-9D3F-BBF1A4AB957C}.Release|Any CPU.Build.0 = Release|Any CPU
	EndGlobalSection
	GlobalSection(SolutionProperties) = preSolution
		HideSolutionNode = FALSE
	EndGlobalSection
	GlobalSection(ExtensibilityGlobals) = postSolution
		SolutionGuid = {7E20C4FF-3095-4AE0-A282-E3FFD93497F0}
	EndGlobalSection
EndGlobal
